
Microsoft Visual Studio Solution File, Format Version 9.00
# Visual C# Express 2005
Project("{FAE04EC0-301F-11D3-BF4B-00C04F79EFBC}") = "CoLab", "CoLab\CoLab.csproj", "{A026C032-DBD9-4A2D-B260-4D0496763D9F}"
EndProject
Project("{FAE04EC0-301F-11D3-BF4B-00C04F79EFBC}") = "CoLabServer", "CoLabServer\CoLabServer.csproj", "{D84EC6E5-4897-44DD-843E-2077BA9F5BF2}"
EndProject
Project("{FAE04EC0-301F-11D3-BF4B-00C04F79EFBC}") = "CoLabFramework", "CoLabFramework\CoLabFramework.csproj", "{9839D289-661B-4940-90AC-3E5873152D9A}"
EndProject
Global
	GlobalSection(SolutionConfigurationPlatforms) = preSolution
		Debug|Any CPU = Debug|Any CPU
		Release|Any CPU = Release|Any CPU
	EndGlobalSection
	GlobalSection(ProjectConfigurationPlatforms) = postSolution
		{A026C032-DBD9-4A2D-B260-4D0496763D9F}.Debug|Any CPU.ActiveCfg = Debug|Any CPU
		{A026C032-DBD9-4A2D-B260-4D0496763D9F}.Debug|Any CPU.Build.0 = Debug|Any CPU
		{A026C032-DBD9-4A2D-B260-4D0496763D9F}.Release|Any CPU.ActiveCfg = Release|Any CPU
		{A026C032-DBD9-4A2D-B260-4D0496763D9F}.Release|Any CPU.Build.0 = Release|Any CPU
		{D84EC6E5-4897-44DD-843E-2077BA9F5BF2}.Debug|Any CPU.ActiveCfg = Debug|Any CPU
		{D84EC6E5-4897-44DD-843E-2077BA9F5BF2}.Debug|Any CPU.Build.0 = Debug|Any CPU
		{D84EC6E5-4897-44DD-843E-2077BA9F5BF2}.Release|Any CPU.ActiveCfg = Release|Any CPU
		{D84EC6E5-4897-44DD-843E-2077BA9F5BF2}.Release|Any CPU.Build.0 = Release|Any CPU
		{9839D289-661B-4940-90AC-3E5873152D9A}.Debug|Any CPU.ActiveCfg = Debug|Any CPU
		{9839D289-661B-4940-90AC-3E5873152D9A}.Debug|Any CPU.Build.0 = Debug|Any CPU
		{9839D289-661B-4940-90AC-3E5873152D9A}.Release|Any CPU.ActiveCfg = Release|Any CPU
		{9839D289-661B-4940-90AC-3E5873152D9A}.Release|Any CPU.Build.0 = Release|Any CPU
	EndGlobalSection
	GlobalSection(SolutionProperties) = preSolution
		HideSolutionNode = FALSE
	EndGlobalSection
EndGlobal
